
Microsoft Visual Studio Solution File, Format Version 12.00
# Visual Studio Version 17
VisualStudioVersion = 17.4.33213.308
MinimumVisualStudioVersion = 10.0.40219.1
Project("{FAE04EC0-301F-11D3-BF4B-00C04F79EFBC}") = "ServerObject", "ServerObject\ServerObject.csproj", "{187AFB4F-A33C-4EE6-8242-E9CD4F3B71E7}"
EndProject
Global
	GlobalSection(SolutionConfigurationPlatforms) = preSolution
		Debug|Any CPU = Debug|Any CPU
		Release|Any CPU = Release|Any CPU
	EndGlobalSection
	GlobalSection(ProjectConfigurationPlatforms) = postSolution
		{187AFB4F-A33C-4EE6-8242-E9CD4F3B71E7}.Debug|Any CPU.ActiveCfg = Debug|Any CPU
		{187AFB4F-A33C-4EE6-8242-E9CD4F3B71E7}.Debug|Any CPU.Build.0 = Debug|Any CPU
		{187AFB4F-A33C-4EE6-8242-E9CD4F3B71E7}.Release|Any CPU.ActiveCfg = Release|Any CPU
		{187AFB4F-A33C-4EE6-8242-E9CD4F3B71E7}.Release|Any CPU.Build.0 = Release|Any CPU
	EndGlobalSection
	GlobalSection(SolutionProperties) = preSolution
		HideSolutionNode = FALSE
	EndGlobalSection
	GlobalSection(ExtensibilityGlobals) = postSolution
		SolutionGuid = {A0AA7FCB-218B-4195-9E06-BDC8DD432178}
	EndGlobalSection
EndGlobal
